
Microsoft Visual Studio Solution File, Format Version 12.00
# Visual Studio Version 16
VisualStudioVersion = 16.0.31205.134
MinimumVisualStudioVersion = 10.0.40219.1
Project("{FAE04EC0-301F-11D3-BF4B-00C04F79EFBC}") = "MvcOnlineCommercialAutomation", "MvcOnlineCommercialAutomation\MvcOnlineCommercialAutomation.csproj", "{5C069984-C5A3-4D11-BC4C-27FED8980F34}"
EndProject
Global
	GlobalSection(SolutionConfigurationPlatforms) = preSolution
		Debug|Any CPU = Debug|Any CPU
		Release|Any CPU = Release|Any CPU
	EndGlobalSection
	GlobalSection(ProjectConfigurationPlatforms) = postSolution
		{5C069984-C5A3-4D11-BC4C-27FED8980F34}.Debug|Any CPU.ActiveCfg = Debug|Any CPU
		{5C069984-C5A3-4D11-BC4C-27FED8980F34}.Debug|Any CPU.Build.0 = Debug|Any CPU
		{5C069984-C5A3-4D11-BC4C-27FED8980F34}.Release|Any CPU.ActiveCfg = Release|Any CPU
		{5C069984-C5A3-4D11-BC4C-27FED8980F34}.Release|Any CPU.Build.0 = Release|Any CPU
	EndGlobalSection
	GlobalSection(SolutionProperties) = preSolution
		HideSolutionNode = FALSE
	EndGlobalSection
	GlobalSection(ExtensibilityGlobals) = postSolution
		SolutionGuid = {0130359A-1AAF-4C07-A0A5-8DA1B02CB408}
	EndGlobalSection
EndGlobal
